// !$*UTF8*$!
{
	archiveVersion = 1;
	classes = {
	};
	objectVersion = 46;
	objects = {

/* Begin PBXBuildFile section */
		F10CB8BB1555E303008B12DD /* Appirater.m in Sources */ = {isa = PBXBuildFile; fileRef = F10CB8B91555E303008B12DD /* Appirater.m */; };
		F10CB8C61555E68E008B12DD /* Appirater.m in Sources */ = {isa = PBXBuildFile; fileRef = F10CB8B91555E303008B12DD /* Appirater.m */; settings = {COMPILER_FLAGS = "-fno-objc-arc"; }; };
		F11EF014151D909600B1456C /* GDataXMLNode.m in Sources */ = {isa = PBXBuildFile; fileRef = F11EF012151D909600B1456C /* GDataXMLNode.m */; };
		F11EF02C151D910300B1456C /* ASIAuthenticationDialog.m in Sources */ = {isa = PBXBuildFile; fileRef = F11EF017151D910300B1456C /* ASIAuthenticationDialog.m */; };
		F11EF02D151D910300B1456C /* ASIDataCompressor.m in Sources */ = {isa = PBXBuildFile; fileRef = F11EF01A151D910300B1456C /* ASIDataCompressor.m */; };
		F11EF02E151D910300B1456C /* ASIDataDecompressor.m in Sources */ = {isa = PBXBuildFile; fileRef = F11EF01C151D910300B1456C /* ASIDataDecompressor.m */; };
		F11EF02F151D910300B1456C /* ASIDownloadCache.m in Sources */ = {isa = PBXBuildFile; fileRef = F11EF01E151D910300B1456C /* ASIDownloadCache.m */; };
		F11EF030151D910300B1456C /* ASIFormDataRequest.m in Sources */ = {isa = PBXBuildFile; fileRef = F11EF020151D910300B1456C /* ASIFormDataRequest.m */; };
		F11EF031151D910300B1456C /* ASIHTTPRequest.m in Sources */ = {isa = PBXBuildFile; fileRef = F11EF022151D910300B1456C /* ASIHTTPRequest.m */; };
		F11EF032151D910300B1456C /* ASIInputStream.m in Sources */ = {isa = PBXBuildFile; fileRef = F11EF026151D910300B1456C /* ASIInputStream.m */; };
		F11EF033151D910300B1456C /* ASINetworkQueue.m in Sources */ = {isa = PBXBuildFile; fileRef = F11EF028151D910300B1456C /* ASINetworkQueue.m */; };
		F11EF034151D910300B1456C /* Reachability.m in Sources */ = {isa = PBXBuildFile; fileRef = F11EF02B151D910300B1456C /* Reachability.m */; };
		F11EF035151D914000B1456C /* ASIAuthenticationDialog.m in Sources */ = {isa = PBXBuildFile; fileRef = F11EF017151D910300B1456C /* ASIAuthenticationDialog.m */; settings = {COMPILER_FLAGS = "-fno-objc-arc"; }; };
		F11EF036151D914C00B1456C /* ASIDataCompressor.m in Sources */ = {isa = PBXBuildFile; fileRef = F11EF01A151D910300B1456C /* ASIDataCompressor.m */; settings = {COMPILER_FLAGS = "-fno-objc-arc"; }; };
		F11EF037151D914E00B1456C /* ASIDataDecompressor.m in Sources */ = {isa = PBXBuildFile; fileRef = F11EF01C151D910300B1456C /* ASIDataDecompressor.m */; settings = {COMPILER_FLAGS = "-fno-objc-arc"; }; };
		F11EF038151D915300B1456C /* ASIDownloadCache.m in Sources */ = {isa = PBXBuildFile; fileRef = F11EF01E151D910300B1456C /* ASIDownloadCache.m */; settings = {COMPILER_FLAGS = "-fno-objc-arc"; }; };
		F11EF039151D915600B1456C /* ASIFormDataRequest.m in Sources */ = {isa = PBXBuildFile; fileRef = F11EF020151D910300B1456C /* ASIFormDataRequest.m */; settings = {COMPILER_FLAGS = "-fno-objc-arc"; }; };
		F11EF03A151D915800B1456C /* ASIHTTPRequest.m in Sources */ = {isa = PBXBuildFile; fileRef = F11EF022151D910300B1456C /* ASIHTTPRequest.m */; settings = {COMPILER_FLAGS = "-fno-objc-arc"; }; };
		F11EF03B151D915C00B1456C /* ASIInputStream.m in Sources */ = {isa = PBXBuildFile; fileRef = F11EF026151D910300B1456C /* ASIInputStream.m */; settings = {COMPILER_FLAGS = "-fno-objc-arc"; }; };
		F11EF03C151D915E00B1456C /* ASINetworkQueue.m in Sources */ = {isa = PBXBuildFile; fileRef = F11EF028151D910300B1456C /* ASINetworkQueue.m */; settings = {COMPILER_FLAGS = "-fno-objc-arc"; }; };
		F11EF03D151D916200B1456C /* Reachability.m in Sources */ = {isa = PBXBuildFile; fileRef = F11EF02B151D910300B1456C /* Reachability.m */; settings = {COMPILER_FLAGS = "-fno-objc-arc"; }; };
		F11EF03E151D919100B1456C /* GDataXMLNode.m in Sources */ = {isa = PBXBuildFile; fileRef = F11EF012151D909600B1456C /* GDataXMLNode.m */; settings = {COMPILER_FLAGS = "-fno-objc-arc"; }; };
		F120AA7E151F897100CD4345 /* FeedsViewController.m in Sources */ = {isa = PBXBuildFile; fileRef = F120AA7D151F897100CD4345 /* FeedsViewController.m */; };
		F120AA82151F898400CD4345 /* Feed.m in Sources */ = {isa = PBXBuildFile; fileRef = F120AA81151F898400CD4345 /* Feed.m */; };
		F120AA85151F991100CD4345 /* FeedDetailViewController.m in Sources */ = {isa = PBXBuildFile; fileRef = F120AA84151F991100CD4345 /* FeedDetailViewController.m */; };
		F120AA88151F9EDA00CD4345 /* ToRemoveViewController.m in Sources */ = {isa = PBXBuildFile; fileRef = F120AA87151F9EDA00CD4345 /* ToRemoveViewController.m */; };
		F1258E59153FBF34003EBD13 /* libFlurryAnalytics.a in Frameworks */ = {isa = PBXBuildFile; fileRef = F1258E58153FBF34003EBD13 /* libFlurryAnalytics.a */; };
		F126F70F151AC3E900BF54EF /* Persistence.m in Sources */ = {isa = PBXBuildFile; fileRef = F126F70E151AC3E900BF54EF /* Persistence.m */; };
		F126F711151AC50900BF54EF /* libsqlite3.0.dylib in Frameworks */ = {isa = PBXBuildFile; fileRef = F126F710151AC50900BF54EF /* libsqlite3.0.dylib */; };
		F128FE0B154A575400CBE5AE /* MessageUI.framework in Frameworks */ = {isa = PBXBuildFile; fileRef = F128FE0A154A575400CBE5AE /* MessageUI.framework */; };
		F12E9CE715433879000B2B0D /* gears.png in Resources */ = {isa = PBXBuildFile; fileRef = F12E9CE615433879000B2B0D /* gears.png */; };
		F136D3FF153B9668009BAE1D /* pullToReloadTableViewTestAppDelegate.m in Sources */ = {isa = PBXBuildFile; fileRef = F136D3F8153B9668009BAE1D /* pullToReloadTableViewTestAppDelegate.m */; };
		F136D400153B9668009BAE1D /* RootViewController.m in Sources */ = {isa = PBXBuildFile; fileRef = F136D3FA153B9668009BAE1D /* RootViewController.m */; };
		F136D401153B9668009BAE1D /* UIPullToReloadHeaderView.m in Sources */ = {isa = PBXBuildFile; fileRef = F136D3FC153B9668009BAE1D /* UIPullToReloadHeaderView.m */; };
		F136D402153B9668009BAE1D /* UIPullToReloadTableViewController.m in Sources */ = {isa = PBXBuildFile; fileRef = F136D3FE153B9668009BAE1D /* UIPullToReloadTableViewController.m */; };
		F136D403153B96B5009BAE1D /* pullToReloadTableViewTestAppDelegate.m in Sources */ = {isa = PBXBuildFile; fileRef = F136D3F8153B9668009BAE1D /* pullToReloadTableViewTestAppDelegate.m */; };
		F136D404153B96BB009BAE1D /* UIPullToReloadHeaderView.m in Sources */ = {isa = PBXBuildFile; fileRef = F136D3FC153B9668009BAE1D /* UIPullToReloadHeaderView.m */; };
		F136D405153B96BE009BAE1D /* UIPullToReloadTableViewController.m in Sources */ = {isa = PBXBuildFile; fileRef = F136D3FE153B9668009BAE1D /* UIPullToReloadTableViewController.m */; };
		F136D409153BA206009BAE1D /* stories.sqlite in Resources */ = {isa = PBXBuildFile; fileRef = F136D408153BA206009BAE1D /* stories.sqlite */; };
		F136D40A153BA27C009BAE1D /* stories.sqlite in Resources */ = {isa = PBXBuildFile; fileRef = F136D408153BA206009BAE1D /* stories.sqlite */; };
		F1A25BCB153D37D700462549 /* Accounts.framework in Frameworks */ = {isa = PBXBuildFile; fileRef = F1A25BCA153D37D700462549 /* Accounts.framework */; };
		F1A25BCD153D37DB00462549 /* Twitter.framework in Frameworks */ = {isa = PBXBuildFile; fileRef = F1A25BCC153D37DB00462549 /* Twitter.framework */; };
		F1A25BD0153D384300462549 /* TwitterEngine.m in Sources */ = {isa = PBXBuildFile; fileRef = F1A25BCF153D384300462549 /* TwitterEngine.m */; };
		F1AC823915242AEF005819D8 /* FeedsTestViewController.m in Sources */ = {isa = PBXBuildFile; fileRef = F1AC823815242AEF005819D8 /* FeedsTestViewController.m */; };
		F1D95B7F153A10A100802736 /* MainStoryboard_iPad.storyboard in Resources */ = {isa = PBXBuildFile; fileRef = F1D95B7E153A10A100802736 /* MainStoryboard_iPad.storyboard */; };
		F1E23DE815153553007CD8F7 /* UIKit.framework in Frameworks */ = {isa = PBXBuildFile; fileRef = F1E23DE715153553007CD8F7 /* UIKit.framework */; };
		F1E23DEA15153553007CD8F7 /* Foundation.framework in Frameworks */ = {isa = PBXBuildFile; fileRef = F1E23DE915153553007CD8F7 /* Foundation.framework */; };
		F1E23DEC15153553007CD8F7 /* CoreGraphics.framework in Frameworks */ = {isa = PBXBuildFile; fileRef = F1E23DEB15153553007CD8F7 /* CoreGraphics.framework */; };
		F1E23DF215153553007CD8F7 /* InfoPlist.strings in Resources */ = {isa = PBXBuildFile; fileRef = F1E23DF015153553007CD8F7 /* InfoPlist.strings */; };
		F1E23DF415153553007CD8F7 /* main.m in Sources */ = {isa = PBXBuildFile; fileRef = F1E23DF315153553007CD8F7 /* main.m */; };
		F1E23DF815153553007CD8F7 /* RSSAppDelegate.m in Sources */ = {isa = PBXBuildFile; fileRef = F1E23DF715153553007CD8F7 /* RSSAppDelegate.m */; };
		F1E23DFB15153553007CD8F7 /* MainStoryboard_iPhone.storyboard in Resources */ = {isa = PBXBuildFile; fileRef = F1E23DF915153553007CD8F7 /* MainStoryboard_iPhone.storyboard */; };
		F1E23E0115153553007CD8F7 /* RSSViewController.m in Sources */ = {isa = PBXBuildFile; fileRef = F1E23E0015153553007CD8F7 /* RSSViewController.m */; };
		F1E23E0915153553007CD8F7 /* SenTestingKit.framework in Frameworks */ = {isa = PBXBuildFile; fileRef = F1E23E0815153553007CD8F7 /* SenTestingKit.framework */; };
		F1E23E0A15153553007CD8F7 /* UIKit.framework in Frameworks */ = {isa = PBXBuildFile; fileRef = F1E23DE715153553007CD8F7 /* UIKit.framework */; };
		F1E23E0B15153553007CD8F7 /* Foundation.framework in Frameworks */ = {isa = PBXBuildFile; fileRef = F1E23DE915153553007CD8F7 /* Foundation.framework */; };
		F1E23E1315153553007CD8F7 /* InfoPlist.strings in Resources */ = {isa = PBXBuildFile; fileRef = F1E23E1115153553007CD8F7 /* InfoPlist.strings */; };
		F1E23E1615153553007CD8F7 /* RSSReaderTests.m in Sources */ = {isa = PBXBuildFile; fileRef = F1E23E1515153553007CD8F7 /* RSSReaderTests.m */; };
		F1E23E2115153727007CD8F7 /* Story.m in Sources */ = {isa = PBXBuildFile; fileRef = F1E23E2015153727007CD8F7 /* Story.m */; };
		F1E23E2C151542DF007CD8F7 /* StoryDetailViewController.m in Sources */ = {isa = PBXBuildFile; fileRef = F1E23E2B151542DF007CD8F7 /* StoryDetailViewController.m */; };
		F1E23E5215155469007CD8F7 /* CFNetwork.framework in Frameworks */ = {isa = PBXBuildFile; fileRef = F1E23E5115155469007CD8F7 /* CFNetwork.framework */; };
		F1E23E5415155472007CD8F7 /* SystemConfiguration.framework in Frameworks */ = {isa = PBXBuildFile; fileRef = F1E23E5315155472007CD8F7 /* SystemConfiguration.framework */; };
		F1E23E5615155479007CD8F7 /* MobileCoreServices.framework in Frameworks */ = {isa = PBXBuildFile; fileRef = F1E23E5515155479007CD8F7 /* MobileCoreServices.framework */; };
		F1E23E5815155482007CD8F7 /* libz.1.2.5.dylib in Frameworks */ = {isa = PBXBuildFile; fileRef = F1E23E5715155482007CD8F7 /* libz.1.2.5.dylib */; };
		F1E23E5F15155A2B007CD8F7 /* GDataXMLElement-Extras.m in Sources */ = {isa = PBXBuildFile; fileRef = F1E23E5E15155A2B007CD8F7 /* GDataXMLElement-Extras.m */; };
		F1E23E6215156008007CD8F7 /* NSDate+InternetDateTime.m in Sources */ = {isa = PBXBuildFile; fileRef = F1E23E6115156008007CD8F7 /* NSDate+InternetDateTime.m */; };
		F1E23E63151561CB007CD8F7 /* NSDate+InternetDateTime.m in Sources */ = {isa = PBXBuildFile; fileRef = F1E23E6115156008007CD8F7 /* NSDate+InternetDateTime.m */; settings = {COMPILER_FLAGS = "-fno-objc-arc"; }; };
		F1E23E661515624B007CD8F7 /* NSArray+Extras.m in Sources */ = {isa = PBXBuildFile; fileRef = F1E23E651515624B007CD8F7 /* NSArray+Extras.m */; };
/* End PBXBuildFile section */

/* Begin PBXContainerItemProxy section */
		F1E23E0C15153553007CD8F7 /* PBXContainerItemProxy */ = {
			isa = PBXContainerItemProxy;
			containerPortal = F1E23DDA15153553007CD8F7 /* Project object */;
			proxyType = 1;
			remoteGlobalIDString = F1E23DE215153553007CD8F7;
			remoteInfo = RSSReader;
		};
/* End PBXContainerItemProxy section */

/* Begin PBXFileReference section */
		F10CB8B91555E303008B12DD /* Appirater.m */ = {isa = PBXFileReference; fileEncoding = 4; lastKnownFileType = sourcecode.c.objc; path = Appirater.m; sourceTree = "<group>"; };
		F10CB8BA1555E303008B12DD /* Appirater.h */ = {isa = PBXFileReference; fileEncoding = 4; lastKnownFileType = sourcecode.c.h; path = Appirater.h; sourceTree = "<group>"; };
		F11EF012151D909600B1456C /* GDataXMLNode.m */ = {isa = PBXFileReference; fileEncoding = 4; lastKnownFileType = sourcecode.c.objc; name = GDataXMLNode.m; path = RSSReader/GDataXMLNode.m; sourceTree = SOURCE_ROOT; };
		F11EF013151D909600B1456C /* GDataXMLNode.h */ = {isa = PBXFileReference; fileEncoding = 4; lastKnownFileType = sourcecode.c.h; name = GDataXMLNode.h; path = RSSReader/GDataXMLNode.h; sourceTree = SOURCE_ROOT; };
		F11EF016151D910300B1456C /* ASIAuthenticationDialog.h */ = {isa = PBXFileReference; fileEncoding = 4; lastKnownFileType = sourcecode.c.h; path = ASIAuthenticationDialog.h; sourceTree = "<group>"; };
		F11EF017151D910300B1456C /* ASIAuthenticationDialog.m */ = {isa = PBXFileReference; fileEncoding = 4; lastKnownFileType = sourcecode.c.objc; path = ASIAuthenticationDialog.m; sourceTree = "<group>"; };
		F11EF018151D910300B1456C /* ASICacheDelegate.h */ = {isa = PBXFileReference; fileEncoding = 4; lastKnownFileType = sourcecode.c.h; path = ASICacheDelegate.h; sourceTree = "<group>"; };
		F11EF019151D910300B1456C /* ASIDataCompressor.h */ = {isa = PBXFileReference; fileEncoding = 4; lastKnownFileType = sourcecode.c.h; path = ASIDataCompressor.h; sourceTree = "<group>"; };
		F11EF01A151D910300B1456C /* ASIDataCompressor.m */ = {isa = PBXFileReference; fileEncoding = 4; lastKnownFileType = sourcecode.c.objc; path = ASIDataCompressor.m; sourceTree = "<group>"; };
		F11EF01B151D910300B1456C /* ASIDataDecompressor.h */ = {isa = PBXFileReference; fileEncoding = 4; lastKnownFileType = sourcecode.c.h; path = ASIDataDecompressor.h; sourceTree = "<group>"; };
		F11EF01C151D910300B1456C /* ASIDataDecompressor.m */ = {isa = PBXFileReference; fileEncoding = 4; lastKnownFileType = sourcecode.c.objc; path = ASIDataDecompressor.m; sourceTree = "<group>"; };
		F11EF01D151D910300B1456C /* ASIDownloadCache.h */ = {isa = PBXFileReference; fileEncoding = 4; lastKnownFileType = sourcecode.c.h; path = ASIDownloadCache.h; sourceTree = "<group>"; };
		F11EF01E151D910300B1456C /* ASIDownloadCache.m */ = {isa = PBXFileReference; fileEncoding = 4; lastKnownFileType = sourcecode.c.objc; path = ASIDownloadCache.m; sourceTree = "<group>"; };
		F11EF01F151D910300B1456C /* ASIFormDataRequest.h */ = {isa = PBXFileReference; fileEncoding = 4; lastKnownFileType = sourcecode.c.h; path = ASIFormDataRequest.h; sourceTree = "<group>"; };
		F11EF020151D910300B1456C /* ASIFormDataRequest.m */ = {isa = PBXFileReference; fileEncoding = 4; lastKnownFileType = sourcecode.c.objc; path = ASIFormDataRequest.m; sourceTree = "<group>"; };
		F11EF021151D910300B1456C /* ASIHTTPRequest.h */ = {isa = PBXFileReference; fileEncoding = 4; lastKnownFileType = sourcecode.c.h; path = ASIHTTPRequest.h; sourceTree = "<group>"; };
		F11EF022151D910300B1456C /* ASIHTTPRequest.m */ = {isa = PBXFileReference; fileEncoding = 4; lastKnownFileType = sourcecode.c.objc; path = ASIHTTPRequest.m; sourceTree = "<group>"; };
		F11EF023151D910300B1456C /* ASIHTTPRequestConfig.h */ = {isa = PBXFileReference; fileEncoding = 4; lastKnownFileType = sourcecode.c.h; path = ASIHTTPRequestConfig.h; sourceTree = "<group>"; };
		F11EF024151D910300B1456C /* ASIHTTPRequestDelegate.h */ = {isa = PBXFileReference; fileEncoding = 4; lastKnownFileType = sourcecode.c.h; path = ASIHTTPRequestDelegate.h; sourceTree = "<group>"; };
		F11EF025151D910300B1456C /* ASIInputStream.h */ = {isa = PBXFileReference; fileEncoding = 4; lastKnownFileType = sourcecode.c.h; path = ASIInputStream.h; sourceTree = "<group>"; };
		F11EF026151D910300B1456C /* ASIInputStream.m */ = {isa = PBXFileReference; fileEncoding = 4; lastKnownFileType = sourcecode.c.objc; path = ASIInputStream.m; sourceTree = "<group>"; };
		F11EF027151D910300B1456C /* ASINetworkQueue.h */ = {isa = PBXFileReference; fileEncoding = 4; lastKnownFileType = sourcecode.c.h; path = ASINetworkQueue.h; sourceTree = "<group>"; };
		F11EF028151D910300B1456C /* ASINetworkQueue.m */ = {isa = PBXFileReference; fileEncoding = 4; lastKnownFileType = sourcecode.c.objc; path = ASINetworkQueue.m; sourceTree = "<group>"; };
		F11EF029151D910300B1456C /* ASIProgressDelegate.h */ = {isa = PBXFileReference; fileEncoding = 4; lastKnownFileType = sourcecode.c.h; path = ASIProgressDelegate.h; sourceTree = "<group>"; };
		F11EF02A151D910300B1456C /* Reachability.h */ = {isa = PBXFileReference; fileEncoding = 4; lastKnownFileType = sourcecode.c.h; path = Reachability.h; sourceTree = "<group>"; };
		F11EF02B151D910300B1456C /* Reachability.m */ = {isa = PBXFileReference; fileEncoding = 4; lastKnownFileType = sourcecode.c.objc; path = Reachability.m; sourceTree = "<group>"; };
		F120AA7C151F897100CD4345 /* FeedsViewController.h */ = {isa = PBXFileReference; fileEncoding = 4; lastKnownFileType = sourcecode.c.h; path = FeedsViewController.h; sourceTree = "<group>"; };
		F120AA7D151F897100CD4345 /* FeedsViewController.m */ = {isa = PBXFileReference; fileEncoding = 4; lastKnownFileType = sourcecode.c.objc; path = FeedsViewController.m; sourceTree = "<group>"; };
		F120AA80151F898400CD4345 /* Feed.h */ = {isa = PBXFileReference; fileEncoding = 4; lastKnownFileType = sourcecode.c.h; path = Feed.h; sourceTree = "<group>"; };
		F120AA81151F898400CD4345 /* Feed.m */ = {isa = PBXFileReference; fileEncoding = 4; lastKnownFileType = sourcecode.c.objc; path = Feed.m; sourceTree = "<group>"; };
		F120AA83151F991100CD4345 /* FeedDetailViewController.h */ = {isa = PBXFileReference; fileEncoding = 4; lastKnownFileType = sourcecode.c.h; path = FeedDetailViewController.h; sourceTree = "<group>"; };
		F120AA84151F991100CD4345 /* FeedDetailViewController.m */ = {isa = PBXFileReference; fileEncoding = 4; lastKnownFileType = sourcecode.c.objc; path = FeedDetailViewController.m; sourceTree = "<group>"; };
		F120AA86151F9EDA00CD4345 /* ToRemoveViewController.h */ = {isa = PBXFileReference; fileEncoding = 4; lastKnownFileType = sourcecode.c.h; path = ToRemoveViewController.h; sourceTree = "<group>"; };
		F120AA87151F9EDA00CD4345 /* ToRemoveViewController.m */ = {isa = PBXFileReference; fileEncoding = 4; lastKnownFileType = sourcecode.c.objc; path = ToRemoveViewController.m; sourceTree = "<group>"; };
		F1258E57153FBF34003EBD13 /* FlurryAnalytics.h */ = {isa = PBXFileReference; fileEncoding = 4; lastKnownFileType = sourcecode.c.h; path = FlurryAnalytics.h; sourceTree = "<group>"; };
		F1258E58153FBF34003EBD13 /* libFlurryAnalytics.a */ = {isa = PBXFileReference; lastKnownFileType = archive.ar; path = libFlurryAnalytics.a; sourceTree = "<group>"; };
		F126F70D151AC3E900BF54EF /* Persistence.h */ = {isa = PBXFileReference; fileEncoding = 4; lastKnownFileType = sourcecode.c.h; path = Persistence.h; sourceTree = "<group>"; };
		F126F70E151AC3E900BF54EF /* Persistence.m */ = {isa = PBXFileReference; fileEncoding = 4; lastKnownFileType = sourcecode.c.objc; path = Persistence.m; sourceTree = "<group>"; };
		F126F710151AC50900BF54EF /* libsqlite3.0.dylib */ = {isa = PBXFileReference; lastKnownFileType = "compiled.mach-o.dylib"; name = libsqlite3.0.dylib; path = usr/lib/libsqlite3.0.dylib; sourceTree = SDKROOT; };
		F128FE0A154A575400CBE5AE /* MessageUI.framework */ = {isa = PBXFileReference; lastKnownFileType = wrapper.framework; name = MessageUI.framework; path = System/Library/Frameworks/MessageUI.framework; sourceTree = SDKROOT; };
		F12E9CE615433879000B2B0D /* gears.png */ = {isa = PBXFileReference; lastKnownFileType = image.png; path = gears.png; sourceTree = "<group>"; };
		F136D3F7153B9668009BAE1D /* pullToReloadTableViewTestAppDelegate.h */ = {isa = PBXFileReference; fileEncoding = 4; lastKnownFileType = sourcecode.c.h; path = pullToReloadTableViewTestAppDelegate.h; sourceTree = "<group>"; };
		F136D3F8153B9668009BAE1D /* pullToReloadTableViewTestAppDelegate.m */ = {isa = PBXFileReference; fileEncoding = 4; lastKnownFileType = sourcecode.c.objc; path = pullToReloadTableViewTestAppDelegate.m; sourceTree = "<group>"; };
		F136D3F9153B9668009BAE1D /* RootViewController.h */ = {isa = PBXFileReference; fileEncoding = 4; lastKnownFileType = sourcecode.c.h; path = RootViewController.h; sourceTree = "<group>"; };
		F136D3FA153B9668009BAE1D /* RootViewController.m */ = {isa = PBXFileReference; fileEncoding = 4; lastKnownFileType = sourcecode.c.objc; path = RootViewController.m; sourceTree = "<group>"; };
		F136D3FB153B9668009BAE1D /* UIPullToReloadHeaderView.h */ = {isa = PBXFileReference; fileEncoding = 4; lastKnownFileType = sourcecode.c.h; path = UIPullToReloadHeaderView.h; sourceTree = "<group>"; };
		F136D3FC153B9668009BAE1D /* UIPullToReloadHeaderView.m */ = {isa = PBXFileReference; fileEncoding = 4; lastKnownFileType = sourcecode.c.objc; path = UIPullToReloadHeaderView.m; sourceTree = "<group>"; };
		F136D3FD153B9668009BAE1D /* UIPullToReloadTableViewController.h */ = {isa = PBXFileReference; fileEncoding = 4; lastKnownFileType = sourcecode.c.h; path = UIPullToReloadTableViewController.h; sourceTree = "<group>"; };
		F136D3FE153B9668009BAE1D /* UIPullToReloadTableViewController.m */ = {isa = PBXFileReference; fileEncoding = 4; lastKnownFileType = sourcecode.c.objc; path = UIPullToReloadTableViewController.m; sourceTree = "<group>"; };
		F136D408153BA206009BAE1D /* stories.sqlite */ = {isa = PBXFileReference; lastKnownFileType = file; path = stories.sqlite; sourceTree = "<group>"; };
		F1A25BCA153D37D700462549 /* Accounts.framework */ = {isa = PBXFileReference; lastKnownFileType = wrapper.framework; name = Accounts.framework; path = System/Library/Frameworks/Accounts.framework; sourceTree = SDKROOT; };
		F1A25BCC153D37DB00462549 /* Twitter.framework */ = {isa = PBXFileReference; lastKnownFileType = wrapper.framework; name = Twitter.framework; path = System/Library/Frameworks/Twitter.framework; sourceTree = SDKROOT; };
		F1A25BCE153D384300462549 /* TwitterEngine.h */ = {isa = PBXFileReference; fileEncoding = 4; lastKnownFileType = sourcecode.c.h; path = TwitterEngine.h; sourceTree = "<group>"; };
		F1A25BCF153D384300462549 /* TwitterEngine.m */ = {isa = PBXFileReference; fileEncoding = 4; lastKnownFileType = sourcecode.c.objc; path = TwitterEngine.m; sourceTree = "<group>"; };
		F1AC823715242AEF005819D8 /* FeedsTestViewController.h */ = {isa = PBXFileReference; fileEncoding = 4; lastKnownFileType = sourcecode.c.h; path = FeedsTestViewController.h; sourceTree = "<group>"; };
		F1AC823815242AEF005819D8 /* FeedsTestViewController.m */ = {isa = PBXFileReference; fileEncoding = 4; lastKnownFileType = sourcecode.c.objc; path = FeedsTestViewController.m; sourceTree = "<group>"; };
		F1D95B7E153A10A100802736 /* MainStoryboard_iPad.storyboard */ = {isa = PBXFileReference; fileEncoding = 4; lastKnownFileType = file.storyboard; path = MainStoryboard_iPad.storyboard; sourceTree = "<group>"; };
		F1E23DE315153553007CD8F7 /* RSSReader.app */ = {isa = PBXFileReference; explicitFileType = wrapper.application; includeInIndex = 0; path = RSSReader.app; sourceTree = BUILT_PRODUCTS_DIR; };
		F1E23DE715153553007CD8F7 /* UIKit.framework */ = {isa = PBXFileReference; lastKnownFileType = wrapper.framework; name = UIKit.framework; path = System/Library/Frameworks/UIKit.framework; sourceTree = SDKROOT; };
		F1E23DE915153553007CD8F7 /* Foundation.framework */ = {isa = PBXFileReference; lastKnownFileType = wrapper.framework; name = Foundation.framework; path = System/Library/Frameworks/Foundation.framework; sourceTree = SDKROOT; };
		F1E23DEB15153553007CD8F7 /* CoreGraphics.framework */ = {isa = PBXFileReference; lastKnownFileType = wrapper.framework; name = CoreGraphics.framework; path = System/Library/Frameworks/CoreGraphics.framework; sourceTree = SDKROOT; };
		F1E23DEF15153553007CD8F7 /* RSSReader-Info.plist */ = {isa = PBXFileReference; lastKnownFileType = text.plist.xml; path = "RSSReader-Info.plist"; sourceTree = "<group>"; };
		F1E23DF115153553007CD8F7 /* en */ = {isa = PBXFileReference; lastKnownFileType = text.plist.strings; name = en; path = en.lproj/InfoPlist.strings; sourceTree = "<group>"; };
		F1E23DF315153553007CD8F7 /* main.m */ = {isa = PBXFileReference; lastKnownFileType = sourcecode.c.objc; path = main.m; sourceTree = "<group>"; };
		F1E23DF515153553007CD8F7 /* RSSReader-Prefix.pch */ = {isa = PBXFileReference; lastKnownFileType = sourcecode.c.h; path = "RSSReader-Prefix.pch"; sourceTree = "<group>"; };
		F1E23DF615153553007CD8F7 /* RSSAppDelegate.h */ = {isa = PBXFileReference; lastKnownFileType = sourcecode.c.h; path = RSSAppDelegate.h; sourceTree = "<group>"; };
		F1E23DF715153553007CD8F7 /* RSSAppDelegate.m */ = {isa = PBXFileReference; lastKnownFileType = sourcecode.c.objc; path = RSSAppDelegate.m; sourceTree = "<group>"; };
		F1E23DFA15153553007CD8F7 /* en */ = {isa = PBXFileReference; lastKnownFileType = file.storyboard; name = en; path = en.lproj/MainStoryboard_iPhone.storyboard; sourceTree = "<group>"; };
		F1E23DFF15153553007CD8F7 /* RSSViewController.h */ = {isa = PBXFileReference; lastKnownFileType = sourcecode.c.h; path = RSSViewController.h; sourceTree = "<group>"; };
		F1E23E0015153553007CD8F7 /* RSSViewController.m */ = {isa = PBXFileReference; lastKnownFileType = sourcecode.c.objc; path = RSSViewController.m; sourceTree = "<group>"; };
		F1E23E0715153553007CD8F7 /* RSSReaderTests.octest */ = {isa = PBXFileReference; explicitFileType = wrapper.cfbundle; includeInIndex = 0; path = RSSReaderTests.octest; sourceTree = BUILT_PRODUCTS_DIR; };
		F1E23E0815153553007CD8F7 /* SenTestingKit.framework */ = {isa = PBXFileReference; lastKnownFileType = wrapper.framework; name = SenTestingKit.framework; path = Library/Frameworks/SenTestingKit.framework; sourceTree = DEVELOPER_DIR; };
		F1E23E1015153553007CD8F7 /* RSSReaderTests-Info.plist */ = {isa = PBXFileReference; lastKnownFileType = text.plist.xml; path = "RSSReaderTests-Info.plist"; sourceTree = "<group>"; };
		F1E23E1215153553007CD8F7 /* en */ = {isa = PBXFileReference; lastKnownFileType = text.plist.strings; name = en; path = en.lproj/InfoPlist.strings; sourceTree = "<group>"; };
		F1E23E1415153553007CD8F7 /* RSSReaderTests.h */ = {isa = PBXFileReference; lastKnownFileType = sourcecode.c.h; path = RSSReaderTests.h; sourceTree = "<group>"; };
		F1E23E1515153553007CD8F7 /* RSSReaderTests.m */ = {isa = PBXFileReference; lastKnownFileType = sourcecode.c.objc; path = RSSReaderTests.m; sourceTree = "<group>"; };
		F1E23E1F15153727007CD8F7 /* Story.h */ = {isa = PBXFileReference; fileEncoding = 4; lastKnownFileType = sourcecode.c.h; path = Story.h; sourceTree = "<group>"; };
		F1E23E2015153727007CD8F7 /* Story.m */ = {isa = PBXFileReference; fileEncoding = 4; lastKnownFileType = sourcecode.c.objc; path = Story.m; sourceTree = "<group>"; };
		F1E23E2A151542DF007CD8F7 /* StoryDetailViewController.h */ = {isa = PBXFileReference; fileEncoding = 4; lastKnownFileType = sourcecode.c.h; name = StoryDetailViewController.h; path = ../StoryDetailViewController.h; sourceTree = "<group>"; };
		F1E23E2B151542DF007CD8F7 /* StoryDetailViewController.m */ = {isa = PBXFileReference; fileEncoding = 4; lastKnownFileType = sourcecode.c.objc; name = StoryDetailViewController.m; path = ../StoryDetailViewController.m; sourceTree = "<group>"; };
		F1E23E5115155469007CD8F7 /* CFNetwork.framework */ = {isa = PBXFileReference; lastKnownFileType = wrapper.framework; name = CFNetwork.framework; path = System/Library/Frameworks/CFNetwork.framework; sourceTree = SDKROOT; };
		F1E23E5315155472007CD8F7 /* SystemConfiguration.framework */ = {isa = PBXFileReference; lastKnownFileType = wrapper.framework; name = SystemConfiguration.framework; path = System/Library/Frameworks/SystemConfiguration.framework; sourceTree = SDKROOT; };
		F1E23E5515155479007CD8F7 /* MobileCoreServices.framework */ = {isa = PBXFileReference; lastKnownFileType = wrapper.framework; name = MobileCoreServices.framework; path = System/Library/Frameworks/MobileCoreServices.framework; sourceTree = SDKROOT; };
		F1E23E5715155482007CD8F7 /* libz.1.2.5.dylib */ = {isa = PBXFileReference; lastKnownFileType = "compiled.mach-o.dylib"; name = libz.1.2.5.dylib; path = usr/lib/libz.1.2.5.dylib; sourceTree = SDKROOT; };
		F1E23E5D15155A2B007CD8F7 /* GDataXMLElement-Extras.h */ = {isa = PBXFileReference; fileEncoding = 4; lastKnownFileType = sourcecode.c.h; name = "GDataXMLElement-Extras.h"; path = "../GDataXMLElement-Extras.h"; sourceTree = "<group>"; };
		F1E23E5E15155A2B007CD8F7 /* GDataXMLElement-Extras.m */ = {isa = PBXFileReference; fileEncoding = 4; lastKnownFileType = sourcecode.c.objc; name = "GDataXMLElement-Extras.m"; path = "../GDataXMLElement-Extras.m"; sourceTree = "<group>"; };
		F1E23E6015156008007CD8F7 /* NSDate+InternetDateTime.h */ = {isa = PBXFileReference; fileEncoding = 4; lastKnownFileType = sourcecode.c.h; path = "NSDate+InternetDateTime.h"; sourceTree = "<group>"; };
		F1E23E6115156008007CD8F7 /* NSDate+InternetDateTime.m */ = {isa = PBXFileReference; fileEncoding = 4; lastKnownFileType = sourcecode.c.objc; path = "NSDate+InternetDateTime.m"; sourceTree = "<group>"; };
		F1E23E641515624B007CD8F7 /* NSArray+Extras.h */ = {isa = PBXFileReference; fileEncoding = 4; lastKnownFileType = sourcecode.c.h; path = "NSArray+Extras.h"; sourceTree = "<group>"; };
		F1E23E651515624B007CD8F7 /* NSArray+Extras.m */ = {isa = PBXFileReference; fileEncoding = 4; lastKnownFileType = sourcecode.c.objc; path = "NSArray+Extras.m"; sourceTree = "<group>"; };
/* End PBXFileReference section */

/* Begin PBXFrameworksBuildPhase section */
		F1E23DE015153553007CD8F7 /* Frameworks */ = {
			isa = PBXFrameworksBuildPhase;
			buildActionMask = 2147483647;
			files = (
				F128FE0B154A575400CBE5AE /* MessageUI.framework in Frameworks */,
				F1A25BCD153D37DB00462549 /* Twitter.framework in Frameworks */,
				F1A25BCB153D37D700462549 /* Accounts.framework in Frameworks */,
				F126F711151AC50900BF54EF /* libsqlite3.0.dylib in Frameworks */,
				F1E23E5815155482007CD8F7 /* libz.1.2.5.dylib in Frameworks */,
				F1E23E5615155479007CD8F7 /* MobileCoreServices.framework in Frameworks */,
				F1E23E5415155472007CD8F7 /* SystemConfiguration.framework in Frameworks */,
				F1E23E5215155469007CD8F7 /* CFNetwork.framework in Frameworks */,
				F1E23DE815153553007CD8F7 /* UIKit.framework in Frameworks */,
				F1E23DEA15153553007CD8F7 /* Foundation.framework in Frameworks */,
				F1E23DEC15153553007CD8F7 /* CoreGraphics.framework in Frameworks */,
				F1258E59153FBF34003EBD13 /* libFlurryAnalytics.a in Frameworks */,
			);
			runOnlyForDeploymentPostprocessing = 0;
		};
		F1E23E0315153553007CD8F7 /* Frameworks */ = {
			isa = PBXFrameworksBuildPhase;
			buildActionMask = 2147483647;
			files = (
				F1E23E0915153553007CD8F7 /* SenTestingKit.framework in Frameworks */,
				F1E23E0A15153553007CD8F7 /* UIKit.framework in Frameworks */,
				F1E23E0B15153553007CD8F7 /* Foundation.framework in Frameworks */,
			);
			runOnlyForDeploymentPostprocessing = 0;
		};
/* End PBXFrameworksBuildPhase section */

/* Begin PBXGroup section */
		F11EF015151D910300B1456C /* ASIHTTPRequest */ = {
			isa = PBXGroup;
			children = (
				F11EF016151D910300B1456C /* ASIAuthenticationDialog.h */,
				F11EF017151D910300B1456C /* ASIAuthenticationDialog.m */,
				F11EF018151D910300B1456C /* ASICacheDelegate.h */,
				F11EF019151D910300B1456C /* ASIDataCompressor.h */,
				F11EF01A151D910300B1456C /* ASIDataCompressor.m */,
				F11EF01B151D910300B1456C /* ASIDataDecompressor.h */,
				F11EF01C151D910300B1456C /* ASIDataDecompressor.m */,
				F11EF01D151D910300B1456C /* ASIDownloadCache.h */,
				F11EF01E151D910300B1456C /* ASIDownloadCache.m */,
				F11EF01F151D910300B1456C /* ASIFormDataRequest.h */,
				F11EF020151D910300B1456C /* ASIFormDataRequest.m */,
				F11EF021151D910300B1456C /* ASIHTTPRequest.h */,
				F11EF022151D910300B1456C /* ASIHTTPRequest.m */,
				F11EF023151D910300B1456C /* ASIHTTPRequestConfig.h */,
				F11EF024151D910300B1456C /* ASIHTTPRequestDelegate.h */,
				F11EF025151D910300B1456C /* ASIInputStream.h */,
				F11EF026151D910300B1456C /* ASIInputStream.m */,
				F11EF027151D910300B1456C /* ASINetworkQueue.h */,
				F11EF028151D910300B1456C /* ASINetworkQueue.m */,
				F11EF029151D910300B1456C /* ASIProgressDelegate.h */,
				F11EF02A151D910300B1456C /* Reachability.h */,
				F11EF02B151D910300B1456C /* Reachability.m */,
			);
			name = ASIHTTPRequest;
			path = RSSReader/ASIHTTPRequest;
			sourceTree = "<group>";
		};
		F1258E56153FBF34003EBD13 /* FlurryAnalytics */ = {
			isa = PBXGroup;
			children = (
				F1258E57153FBF34003EBD13 /* FlurryAnalytics.h */,
				F1258E58153FBF34003EBD13 /* libFlurryAnalytics.a */,
			);
			path = FlurryAnalytics;
			sourceTree = "<group>";
		};
		F126F719151AD39400BF54EF /* Resources */ = {
			isa = PBXGroup;
			children = (
				F136D408153BA206009BAE1D /* stories.sqlite */,
			);
			name = Resources;
			path = RSSReader/Resources;
			sourceTree = "<group>";
		};
		F136D3F6153B9668009BAE1D /* Classes */ = {
			isa = PBXGroup;
			children = (
				F136D3F7153B9668009BAE1D /* pullToReloadTableViewTestAppDelegate.h */,
				F136D3F8153B9668009BAE1D /* pullToReloadTableViewTestAppDelegate.m */,
				F136D3F9153B9668009BAE1D /* RootViewController.h */,
				F136D3FA153B9668009BAE1D /* RootViewController.m */,
				F136D3FB153B9668009BAE1D /* UIPullToReloadHeaderView.h */,
				F136D3FC153B9668009BAE1D /* UIPullToReloadHeaderView.m */,
				F136D3FD153B9668009BAE1D /* UIPullToReloadTableViewController.h */,
				F136D3FE153B9668009BAE1D /* UIPullToReloadTableViewController.m */,
			);
			name = Classes;
			path = ../../../../Downloads/pullToReloadTableViewTest/Classes;
			sourceTree = "<group>";
		};
		F1E23DD815153553007CD8F7 = {
			isa = PBXGroup;
			children = (
				F128FE0A154A575400CBE5AE /* MessageUI.framework */,
				F1258E56153FBF34003EBD13 /* FlurryAnalytics */,
				F1A25BCC153D37DB00462549 /* Twitter.framework */,
				F1A25BCA153D37D700462549 /* Accounts.framework */,
				F136D3F6153B9668009BAE1D /* Classes */,
				F120AA86151F9EDA00CD4345 /* ToRemoveViewController.h */,
				F120AA87151F9EDA00CD4345 /* ToRemoveViewController.m */,
				F11EF015151D910300B1456C /* ASIHTTPRequest */,
				F126F719151AD39400BF54EF /* Resources */,
				F126F710151AC50900BF54EF /* libsqlite3.0.dylib */,
				F1E23E5915155918007CD8F7 /* GDataXML */,
				F1E23DED15153553007CD8F7 /* RSSReader */,
				F1E23E0E15153553007CD8F7 /* RSSReaderTests */,
				F1E23DE615153553007CD8F7 /* Frameworks */,
				F1E23DE415153553007CD8F7 /* Products */,
			);
			sourceTree = "<group>";
		};
		F1E23DE415153553007CD8F7 /* Products */ = {
			isa = PBXGroup;
			children = (
				F1E23DE315153553007CD8F7 /* RSSReader.app */,
				F1E23E0715153553007CD8F7 /* RSSReaderTests.octest */,
			);
			name = Products;
			sourceTree = "<group>";
		};
		F1E23DE615153553007CD8F7 /* Frameworks */ = {
			isa = PBXGroup;
			children = (
				F1E23E5715155482007CD8F7 /* libz.1.2.5.dylib */,
				F1E23E5515155479007CD8F7 /* MobileCoreServices.framework */,
				F1E23E5315155472007CD8F7 /* SystemConfiguration.framework */,
				F1E23E5115155469007CD8F7 /* CFNetwork.framework */,
				F1E23DE715153553007CD8F7 /* UIKit.framework */,
				F1E23DE915153553007CD8F7 /* Foundation.framework */,
				F1E23DEB15153553007CD8F7 /* CoreGraphics.framework */,
				F1E23E0815153553007CD8F7 /* SenTestingKit.framework */,
			);
			name = Frameworks;
			sourceTree = "<group>";
		};
		F1E23DED15153553007CD8F7 /* RSSReader */ = {
			isa = PBXGroup;
			children = (
				F10CB8B91555E303008B12DD /* Appirater.m */,
				F10CB8BA1555E303008B12DD /* Appirater.h */,
				F12E9CE615433879000B2B0D /* gears.png */,
				F1A25BCE153D384300462549 /* TwitterEngine.h */,
				F1A25BCF153D384300462549 /* TwitterEngine.m */,
				F126F70D151AC3E900BF54EF /* Persistence.h */,
				F126F70E151AC3E900BF54EF /* Persistence.m */,
				F1E23E2A151542DF007CD8F7 /* StoryDetailViewController.h */,
				F1E23E2B151542DF007CD8F7 /* StoryDetailViewController.m */,
				F1E23E5D15155A2B007CD8F7 /* GDataXMLElement-Extras.h */,
				F1E23E5E15155A2B007CD8F7 /* GDataXMLElement-Extras.m */,
				F1E23E1F15153727007CD8F7 /* Story.h */,
				F1E23E2015153727007CD8F7 /* Story.m */,
				F1E23E6015156008007CD8F7 /* NSDate+InternetDateTime.h */,
				F1E23E6115156008007CD8F7 /* NSDate+InternetDateTime.m */,
				F1E23DF615153553007CD8F7 /* RSSAppDelegate.h */,
				F1E23DF715153553007CD8F7 /* RSSAppDelegate.m */,
				F120AA83151F991100CD4345 /* FeedDetailViewController.h */,
				F120AA84151F991100CD4345 /* FeedDetailViewController.m */,
				F1D95B7E153A10A100802736 /* MainStoryboard_iPad.storyboard */,
				F1E23DF915153553007CD8F7 /* MainStoryboard_iPhone.storyboard */,
				F1E23DFF15153553007CD8F7 /* RSSViewController.h */,
				F1E23E0015153553007CD8F7 /* RSSViewController.m */,
				F1E23E641515624B007CD8F7 /* NSArray+Extras.h */,
				F1E23E651515624B007CD8F7 /* NSArray+Extras.m */,
				F1E23DEE15153553007CD8F7 /* Supporting Files */,
				F1AC823715242AEF005819D8 /* FeedsTestViewController.h */,
				F1AC823815242AEF005819D8 /* FeedsTestViewController.m */,
				F120AA7C151F897100CD4345 /* FeedsViewController.h */,
				F120AA7D151F897100CD4345 /* FeedsViewController.m */,
				F120AA80151F898400CD4345 /* Feed.h */,
				F120AA81151F898400CD4345 /* Feed.m */,
			);
			path = RSSReader;
			sourceTree = "<group>";
		};
		F1E23DEE15153553007CD8F7 /* Supporting Files */ = {
			isa = PBXGroup;
			children = (
				F1E23DEF15153553007CD8F7 /* RSSReader-Info.plist */,
				F1E23DF015153553007CD8F7 /* InfoPlist.strings */,
				F1E23DF315153553007CD8F7 /* main.m */,
				F1E23DF515153553007CD8F7 /* RSSReader-Prefix.pch */,
			);
			name = "Supporting Files";
			sourceTree = "<group>";
		};
		F1E23E0E15153553007CD8F7 /* RSSReaderTests */ = {
			isa = PBXGroup;
			children = (
				F1E23E1415153553007CD8F7 /* RSSReaderTests.h */,
				F1E23E1515153553007CD8F7 /* RSSReaderTests.m */,
				F1E23E0F15153553007CD8F7 /* Supporting Files */,
			);
			path = RSSReaderTests;
			sourceTree = "<group>";
		};
		F1E23E0F15153553007CD8F7 /* Supporting Files */ = {
			isa = PBXGroup;
			children = (
				F1E23E1015153553007CD8F7 /* RSSReaderTests-Info.plist */,
				F1E23E1115153553007CD8F7 /* InfoPlist.strings */,
			);
			name = "Supporting Files";
			sourceTree = "<group>";
		};
		F1E23E5915155918007CD8F7 /* GDataXML */ = {
			isa = PBXGroup;
			children = (
				F11EF012151D909600B1456C /* GDataXMLNode.m */,
				F11EF013151D909600B1456C /* GDataXMLNode.h */,
			);
			name = GDataXML;
			path = RSSReader/GDataXML;
			sourceTree = "<group>";
		};
/* End PBXGroup section */

/* Begin PBXNativeTarget section */
		F1E23DE215153553007CD8F7 /* RSSReader */ = {
			isa = PBXNativeTarget;
			buildConfigurationList = F1E23E1915153553007CD8F7 /* Build configuration list for PBXNativeTarget "RSSReader" */;
			buildPhases = (
				F1E23DDF15153553007CD8F7 /* Sources */,
				F1E23DE015153553007CD8F7 /* Frameworks */,
				F1E23DE115153553007CD8F7 /* Resources */,
			);
			buildRules = (
			);
			dependencies = (
			);
			name = RSSReader;
			productName = RSSReader;
			productReference = F1E23DE315153553007CD8F7 /* RSSReader.app */;
			productType = "com.apple.product-type.application";
		};
		F1E23E0615153553007CD8F7 /* RSSReaderTests */ = {
			isa = PBXNativeTarget;
			buildConfigurationList = F1E23E1C15153553007CD8F7 /* Build configuration list for PBXNativeTarget "RSSReaderTests" */;
			buildPhases = (
				F1E23E0215153553007CD8F7 /* Sources */,
				F1E23E0315153553007CD8F7 /* Frameworks */,
				F1E23E0415153553007CD8F7 /* Resources */,
				F1E23E0515153553007CD8F7 /* ShellScript */,
			);
			buildRules = (
			);
			dependencies = (
				F1E23E0D15153553007CD8F7 /* PBXTargetDependency */,
			);
			name = RSSReaderTests;
			productName = RSSReaderTests;
			productReference = F1E23E0715153553007CD8F7 /* RSSReaderTests.octest */;
			productType = "com.apple.product-type.bundle";
		};
/* End PBXNativeTarget section */

/* Begin PBXProject section */
		F1E23DDA15153553007CD8F7 /* Project object */ = {
			isa = PBXProject;
			attributes = {
				CLASSPREFIX = RSS;
				LastUpgradeCheck = 0430;
			};
			buildConfigurationList = F1E23DDD15153553007CD8F7 /* Build configuration list for PBXProject "RSSReader" */;
			compatibilityVersion = "Xcode 3.2";
			developmentRegion = English;
			hasScannedForEncodings = 0;
			knownRegions = (
				en,
			);
			mainGroup = F1E23DD815153553007CD8F7;
			productRefGroup = F1E23DE415153553007CD8F7 /* Products */;
			projectDirPath = "";
			projectRoot = "";
			targets = (
				F1E23DE215153553007CD8F7 /* RSSReader */,
				F1E23E0615153553007CD8F7 /* RSSReaderTests */,
			);
		};
/* End PBXProject section */

/* Begin PBXResourcesBuildPhase section */
		F1E23DE115153553007CD8F7 /* Resources */ = {
			isa = PBXResourcesBuildPhase;
			buildActionMask = 2147483647;
			files = (
				F136D40A153BA27C009BAE1D /* stories.sqlite in Resources */,
				F1E23DF215153553007CD8F7 /* InfoPlist.strings in Resources */,
				F1E23DFB15153553007CD8F7 /* MainStoryboard_iPhone.storyboard in Resources */,
				F1D95B7F153A10A100802736 /* MainStoryboard_iPad.storyboard in Resources */,
				F12E9CE715433879000B2B0D /* gears.png in Resources */,
			);
			runOnlyForDeploymentPostprocessing = 0;
		};
		F1E23E0415153553007CD8F7 /* Resources */ = {
			isa = PBXResourcesBuildPhase;
			buildActionMask = 2147483647;
			files = (
				F1E23E1315153553007CD8F7 /* InfoPlist.strings in Resources */,
				F136D409153BA206009BAE1D /* stories.sqlite in Resources */,
			);
			runOnlyForDeploymentPostprocessing = 0;
		};
/* End PBXResourcesBuildPhase section */

/* Begin PBXShellScriptBuildPhase section */
		F1E23E0515153553007CD8F7 /* ShellScript */ = {
			isa = PBXShellScriptBuildPhase;
			buildActionMask = 2147483647;
			files = (
			);
			inputPaths = (
			);
			outputPaths = (
			);
			runOnlyForDeploymentPostprocessing = 0;
			shellPath = /bin/sh;
			shellScript = "# Run the unit tests in this test bundle.\n\"${SYSTEM_DEVELOPER_DIR}/Tools/RunUnitTests\"\n";
		};
/* End PBXShellScriptBuildPhase section */

/* Begin PBXSourcesBuildPhase section */
		F1E23DDF15153553007CD8F7 /* Sources */ = {
			isa = PBXSourcesBuildPhase;
			buildActionMask = 2147483647;
			files = (
				F10CB8C61555E68E008B12DD /* Appirater.m in Sources */,
				F136D405153B96BE009BAE1D /* UIPullToReloadTableViewController.m in Sources */,
				F136D404153B96BB009BAE1D /* UIPullToReloadHeaderView.m in Sources */,
				F136D403153B96B5009BAE1D /* pullToReloadTableViewTestAppDelegate.m in Sources */,
				F11EF03E151D919100B1456C /* GDataXMLNode.m in Sources */,
				F11EF03D151D916200B1456C /* Reachability.m in Sources */,
				F11EF03C151D915E00B1456C /* ASINetworkQueue.m in Sources */,
				F11EF03B151D915C00B1456C /* ASIInputStream.m in Sources */,
				F11EF03A151D915800B1456C /* ASIHTTPRequest.m in Sources */,
				F11EF039151D915600B1456C /* ASIFormDataRequest.m in Sources */,
				F11EF038151D915300B1456C /* ASIDownloadCache.m in Sources */,
				F11EF037151D914E00B1456C /* ASIDataDecompressor.m in Sources */,
				F11EF036151D914C00B1456C /* ASIDataCompressor.m in Sources */,
				F11EF035151D914000B1456C /* ASIAuthenticationDialog.m in Sources */,
				F1E23E63151561CB007CD8F7 /* NSDate+InternetDateTime.m in Sources */,
				F1E23DF415153553007CD8F7 /* main.m in Sources */,
				F1E23DF815153553007CD8F7 /* RSSAppDelegate.m in Sources */,
				F1E23E0115153553007CD8F7 /* RSSViewController.m in Sources */,
				F1E23E2115153727007CD8F7 /* Story.m in Sources */,
				F1E23E2C151542DF007CD8F7 /* StoryDetailViewController.m in Sources */,
				F1E23E5F15155A2B007CD8F7 /* GDataXMLElement-Extras.m in Sources */,
				F1E23E661515624B007CD8F7 /* NSArray+Extras.m in Sources */,
				F126F70F151AC3E900BF54EF /* Persistence.m in Sources */,
				F120AA7E151F897100CD4345 /* FeedsViewController.m in Sources */,
				F120AA82151F898400CD4345 /* Feed.m in Sources */,
				F120AA85151F991100CD4345 /* FeedDetailViewController.m in Sources */,
				F120AA88151F9EDA00CD4345 /* ToRemoveViewController.m in Sources */,
				F1AC823915242AEF005819D8 /* FeedsTestViewController.m in Sources */,
				F1A25BD0153D384300462549 /* TwitterEngine.m in Sources */,
			);
			runOnlyForDeploymentPostprocessing = 0;
		};
		F1E23E0215153553007CD8F7 /* Sources */ = {
			isa = PBXSourcesBuildPhase;
			buildActionMask = 2147483647;
			files = (
				F1E23E1615153553007CD8F7 /* RSSReaderTests.m in Sources */,
				F1E23E6215156008007CD8F7 /* NSDate+InternetDateTime.m in Sources */,
				F11EF014151D909600B1456C /* GDataXMLNode.m in Sources */,
				F11EF02C151D910300B1456C /* ASIAuthenticationDialog.m in Sources */,
				F11EF02D151D910300B1456C /* ASIDataCompressor.m in Sources */,
				F11EF02E151D910300B1456C /* ASIDataDecompressor.m in Sources */,
				F11EF02F151D910300B1456C /* ASIDownloadCache.m in Sources */,
				F11EF030151D910300B1456C /* ASIFormDataRequest.m in Sources */,
				F11EF031151D910300B1456C /* ASIHTTPRequest.m in Sources */,
				F11EF032151D910300B1456C /* ASIInputStream.m in Sources */,
				F11EF033151D910300B1456C /* ASINetworkQueue.m in Sources */,
				F11EF034151D910300B1456C /* Reachability.m in Sources */,
				F136D3FF153B9668009BAE1D /* pullToReloadTableViewTestAppDelegate.m in Sources */,
				F136D400153B9668009BAE1D /* RootViewController.m in Sources */,
				F136D401153B9668009BAE1D /* UIPullToReloadHeaderView.m in Sources */,
				F136D402153B9668009BAE1D /* UIPullToReloadTableViewController.m in Sources */,
				F10CB8BB1555E303008B12DD /* Appirater.m in Sources */,
			);
			runOnlyForDeploymentPostprocessing = 0;
		};
/* End PBXSourcesBuildPhase section */

/* Begin PBXTargetDependency section */
		F1E23E0D15153553007CD8F7 /* PBXTargetDependency */ = {
			isa = PBXTargetDependency;
			target = F1E23DE215153553007CD8F7 /* RSSReader */;
			targetProxy = F1E23E0C15153553007CD8F7 /* PBXContainerItemProxy */;
		};
/* End PBXTargetDependency section */

/* Begin PBXVariantGroup section */
		F1E23DF015153553007CD8F7 /* InfoPlist.strings */ = {
			isa = PBXVariantGroup;
			children = (
				F1E23DF115153553007CD8F7 /* en */,
			);
			name = InfoPlist.strings;
			sourceTree = "<group>";
		};
		F1E23DF915153553007CD8F7 /* MainStoryboard_iPhone.storyboard */ = {
			isa = PBXVariantGroup;
			children = (
				F1E23DFA15153553007CD8F7 /* en */,
			);
			name = MainStoryboard_iPhone.storyboard;
			sourceTree = "<group>";
		};
		F1E23E1115153553007CD8F7 /* InfoPlist.strings */ = {
			isa = PBXVariantGroup;
			children = (
				F1E23E1215153553007CD8F7 /* en */,
			);
			name = InfoPlist.strings;
			sourceTree = "<group>";
		};
/* End PBXVariantGroup section */

/* Begin XCBuildConfiguration section */
		F1E23E1715153553007CD8F7 /* Debug */ = {
			isa = XCBuildConfiguration;
			buildSettings = {
				ALWAYS_SEARCH_USER_PATHS = NO;
				ARCHS = "$(ARCHS_STANDARD_32_BIT)";
				CLANG_ENABLE_OBJC_ARC = YES;
				"CODE_SIGN_IDENTITY[sdk=iphoneos*]" = "iPhone Developer";
				COPY_PHASE_STRIP = NO;
				GCC_C_LANGUAGE_STANDARD = gnu99;
				GCC_DYNAMIC_NO_PIC = NO;
				GCC_OPTIMIZATION_LEVEL = 0;
				GCC_PREPROCESSOR_DEFINITIONS = (
					"DEBUG=1",
					"$(inherited)",
				);
				GCC_SYMBOLS_PRIVATE_EXTERN = NO;
				GCC_VERSION = com.apple.compilers.llvm.clang.1_0;
				GCC_WARN_ABOUT_RETURN_TYPE = YES;
				GCC_WARN_UNINITIALIZED_AUTOS = YES;
				GCC_WARN_UNUSED_VARIABLE = YES;
				HEADER_SEARCH_PATHS = /usr/include/libxml2;
				IPHONEOS_DEPLOYMENT_TARGET = 5.1;
				SDKROOT = iphoneos;
				TARGETED_DEVICE_FAMILY = "1,2";
			};
			name = Debug;
		};
		F1E23E1815153553007CD8F7 /* Release */ = {
			isa = XCBuildConfiguration;
			buildSettings = {
				ALWAYS_SEARCH_USER_PATHS = NO;
				ARCHS = "$(ARCHS_STANDARD_32_BIT)";
				CLANG_ENABLE_OBJC_ARC = YES;
				"CODE_SIGN_IDENTITY[sdk=iphoneos*]" = "iPhone Developer";
				COPY_PHASE_STRIP = YES;
				GCC_C_LANGUAGE_STANDARD = gnu99;
				GCC_VERSION = com.apple.compilers.llvm.clang.1_0;
				GCC_WARN_ABOUT_RETURN_TYPE = YES;
				GCC_WARN_UNINITIALIZED_AUTOS = YES;
				GCC_WARN_UNUSED_VARIABLE = YES;
				HEADER_SEARCH_PATHS = /usr/include/libxml2;
				IPHONEOS_DEPLOYMENT_TARGET = 5.1;
				OTHER_CFLAGS = "-DNS_BLOCK_ASSERTIONS=1";
				SDKROOT = iphoneos;
				TARGETED_DEVICE_FAMILY = "1,2";
				VALIDATE_PRODUCT = YES;
			};
			name = Release;
		};
		F1E23E1A15153553007CD8F7 /* Debug */ = {
			isa = XCBuildConfiguration;
			buildSettings = {
				GCC_PRECOMPILE_PREFIX_HEADER = YES;
				GCC_PREFIX_HEADER = "RSSReader/RSSReader-Prefix.pch";
				INFOPLIST_FILE = "RSSReader/RSSReader-Info.plist";
				LIBRARY_SEARCH_PATHS = (
					"$(inherited)",
					"\"$(SRCROOT)/FlurryAnalytics\"",
				);
				OTHER_LDFLAGS = "-lxml2";
				PRODUCT_NAME = "$(TARGET_NAME)";
				WRAPPER_EXTENSION = app;
			};
			name = Debug;
		};
		F1E23E1B15153553007CD8F7 /* Release */ = {
			isa = XCBuildConfiguration;
			buildSettings = {
				GCC_PRECOMPILE_PREFIX_HEADER = YES;
				GCC_PREFIX_HEADER = "RSSReader/RSSReader-Prefix.pch";
				INFOPLIST_FILE = "RSSReader/RSSReader-Info.plist";
				LIBRARY_SEARCH_PATHS = (
					"$(inherited)",
					"\"$(SRCROOT)/FlurryAnalytics\"",
				);
				OTHER_LDFLAGS = "-lxml2";
				PRODUCT_NAME = "$(TARGET_NAME)";
				WRAPPER_EXTENSION = app;
			};
			name = Release;
		};
		F1E23E1D15153553007CD8F7 /* Debug */ = {
			isa = XCBuildConfiguration;
			buildSettings = {
				BUNDLE_LOADER = "$(BUILT_PRODUCTS_DIR)/RSSReader.app/RSSReader";
				FRAMEWORK_SEARCH_PATHS = (
					"$(SDKROOT)/Developer/Library/Frameworks",
					"$(DEVELOPER_LIBRARY_DIR)/Frameworks",
				);
				GCC_PRECOMPILE_PREFIX_HEADER = YES;
				GCC_PREFIX_HEADER = "RSSReader/RSSReader-Prefix.pch";
				INFOPLIST_FILE = "RSSReaderTests/RSSReaderTests-Info.plist";
				PRODUCT_NAME = "$(TARGET_NAME)";
				TEST_HOST = "$(BUNDLE_LOADER)";
				WRAPPER_EXTENSION = octest;
			};
			name = Debug;
		};
		F1E23E1E15153553007CD8F7 /* Release */ = {
			isa = XCBuildConfiguration;
			buildSettings = {
				BUNDLE_LOADER = "$(BUILT_PRODUCTS_DIR)/RSSReader.app/RSSReader";
				FRAMEWORK_SEARCH_PATHS = (
					"$(SDKROOT)/Developer/Library/Frameworks",
					"$(DEVELOPER_LIBRARY_DIR)/Frameworks",
				);
				GCC_PRECOMPILE_PREFIX_HEADER = YES;
				GCC_PREFIX_HEADER = "RSSReader/RSSReader-Prefix.pch";
				INFOPLIST_FILE = "RSSReaderTests/RSSReaderTests-Info.plist";
				PRODUCT_NAME = "$(TARGET_NAME)";
				TEST_HOST = "$(BUNDLE_LOADER)";
				WRAPPER_EXTENSION = octest;
			};
			name = Release;
		};
/* End XCBuildConfiguration section */

/* Begin XCConfigurationList section */
		F1E23DDD15153553007CD8F7 /* Build configuration list for PBXProject "RSSReader" */ = {
			isa = XCConfigurationList;
			buildConfigurations = (
				F1E23E1715153553007CD8F7 /* Debug */,
				F1E23E1815153553007CD8F7 /* Release */,
			);
			defaultConfigurationIsVisible = 0;
			defaultConfigurationName = Release;
		};
		F1E23E1915153553007CD8F7 /* Build configuration list for PBXNativeTarget "RSSReader" */ = {
			isa = XCConfigurationList;
			buildConfigurations = (
				F1E23E1A15153553007CD8F7 /* Debug */,
				F1E23E1B15153553007CD8F7 /* Release */,
			);
			defaultConfigurationIsVisible = 0;
			defaultConfigurationName = Release;
		};
		F1E23E1C15153553007CD8F7 /* Build configuration list for PBXNativeTarget "RSSReaderTests" */ = {
			isa = XCConfigurationList;
			buildConfigurations = (
				F1E23E1D15153553007CD8F7 /* Debug */,
				F1E23E1E15153553007CD8F7 /* Release */,
			);
			defaultConfigurationIsVisible = 0;
			defaultConfigurationName = Release;
		};
/* End XCConfigurationList section */
	};
	rootObject = F1E23DDA15153553007CD8F7 /* Project object */;
}
